
Microsoft Visual Studio Solution File, Format Version 12.00
# Visual Studio Version 17
VisualStudioVersion = 17.7.34031.279
MinimumVisualStudioVersion = 10.0.40219.1
Project("{9A19103F-16F7-4668-BE54-9A1E7A4F7556}") = "MVVM_UnitTestedCalculator", "MVVM_UnitTestedCalculator\MVVM_UnitTestedCalculator.csproj", "{887054E8-187E-4C57-AAC5-54E8B4110F32}"
EndProject
Project("{FAE04EC0-301F-11D3-BF4B-00C04F79EFBC}") = "Test_MVVMCalculator", "Test_MVVMCalculator\Test_MVVMCalculator.csproj", "{42B61C8B-55C1-4C19-9EE1-96A5DE6FC594}"
EndProject
Global
	GlobalSection(SolutionConfigurationPlatforms) = preSolution
		Debug|Any CPU = Debug|Any CPU
		Release|Any CPU = Release|Any CPU
	EndGlobalSection
	GlobalSection(ProjectConfigurationPlatforms) = postSolution
		{887054E8-187E-4C57-AAC5-54E8B4110F32}.Debug|Any CPU.ActiveCfg = Debug|Any CPU
		{887054E8-187E-4C57-AAC5-54E8B4110F32}.Debug|Any CPU.Build.0 = Debug|Any CPU
		{887054E8-187E-4C57-AAC5-54E8B4110F32}.Release|Any CPU.ActiveCfg = Release|Any CPU
		{887054E8-187E-4C57-AAC5-54E8B4110F32}.Release|Any CPU.Build.0 = Release|Any CPU
		{42B61C8B-55C1-4C19-9EE1-96A5DE6FC594}.Debug|Any CPU.ActiveCfg = Debug|Any CPU
		{42B61C8B-55C1-4C19-9EE1-96A5DE6FC594}.Debug|Any CPU.Build.0 = Debug|Any CPU
		{42B61C8B-55C1-4C19-9EE1-96A5DE6FC594}.Release|Any CPU.ActiveCfg = Release|Any CPU
		{42B61C8B-55C1-4C19-9EE1-96A5DE6FC594}.Release|Any CPU.Build.0 = Release|Any CPU
	EndGlobalSection
	GlobalSection(SolutionProperties) = preSolution
		HideSolutionNode = FALSE
	EndGlobalSection
	GlobalSection(ExtensibilityGlobals) = postSolution
		SolutionGuid = {9C881EA2-8B47-408D-AD69-46D25C2C316C}
	EndGlobalSection
EndGlobal
